# This file is automatically @generated by Cargo.
# It is not intended for manual editing.
version = 3

[[package]]
name = "cc"
version = "1.0.78"
source = "registry+https://github.com/rust-lang/crates.io-index"
checksum = "a20104e2335ce8a659d6dd92a51a767a0c062599c73b343fd152cb401e828c3d"

[[package]]
name = "libc"
version = "0.2.139"
source = "registry+https://github.com/rust-lang/crates.io-index"
checksum = "201de327520df007757c1f0adce6e827fe8562fbc28bfd9c15571c66ca1f5f79"

[[package]]
name = "libmimalloc-sys"
version = "0.1.28"
source = "registry+https://github.com/rust-lang/crates.io-index"
checksum = "04d1c67deb83e6b75fa4fe3309e09cfeade12e7721d95322af500d3814ea60c9"
dependencies = [
 "cc",
 "libc",
]

[[package]]
name = "mimalloc"
version = "0.1.32"
source = "registry+https://github.com/rust-lang/crates.io-index"
checksum = "9b2374e2999959a7b583e1811a1ddbf1d3a4b9496eceb9746f1192a59d871eca"
dependencies = [
 "libmimalloc-sys",
]

[[package]]
name = "sub-fixer"
version = "0.1.0"
dependencies = [
 "mimalloc",
]
